<?xml version="1.0" encoding="utf-8"?>
<Project ToolsVersion="4.0" xmlns="http://schemas.microsoft.com/developer/msbuild/2003">
  <ItemGroup>
    <ClCompile Include="main.cpp" />
    <ClCompile Include="..\external\imgui\imgui.cpp">
      <Filter>imgui</Filter>
    </ClCompile>
    <ClCompile Include="..\external\imgui\imgui_demo.cpp">
      <Filter>imgui</Filter>
    </ClCompile>
    <ClCompile Include="..\external\imgui\imgui_draw.cpp">
      <Filter>imgui</Filter>
    </ClCompile>
    <ClCompile Include="..\external\imgui\imgui_impl_dx12.cpp">
      <Filter>imgui</Filter>
    </ClCompile>
    <ClCompile Include="..\external\imgui\imgui_impl_win32.cpp">
      <Filter>imgui</Filter>
    </ClCompile>
    <ClCompile Include="..\external\imgui\imgui_tables.cpp">
      <Filter>imgui</Filter>
    </ClCompile>
    <ClCompile Include="..\external\imgui\imgui_widgets.cpp">
      <Filter>imgui</Filter>
    </ClCompile>
  </ItemGroup>
  <ItemGroup>
    <Filter Include="dx12w">
      <UniqueIdentifier>{dad97e27-668d-4984-ab7d-6db210b59574}</UniqueIdentifier>
    </Filter>
    <Filter Include="imgui">
      <UniqueIdentifier>{bae14936-09be-43a4-a69c-f881bb16a081}</UniqueIdentifier>
    </Filter>
    <Filter Include="shader">
      <UniqueIdentifier>{ecb0f7ac-0f56-4017-bfd5-14cf7b3bcb35}</UniqueIdentifier>
    </Filter>
  </ItemGroup>
  <ItemGroup>
    <ClInclude Include="..\external\directx12-wrapper\dx12w\dx12w.hpp">
      <Filter>dx12w</Filter>
    </ClInclude>
    <ClInclude Include="..\external\directx12-wrapper\dx12w\dx12w_command_manager.hpp">
      <Filter>dx12w</Filter>
    </ClInclude>
    <ClInclude Include="..\external\directx12-wrapper\dx12w\dx12w_create_view.hpp">
      <Filter>dx12w</Filter>
    </ClInclude>
    <ClInclude Include="..\external\directx12-wrapper\dx12w\dx12w_descriptor_heap.hpp">
      <Filter>dx12w</Filter>
    </ClInclude>
    <ClInclude Include="..\external\directx12-wrapper\dx12w\dx12w_device.hpp">
      <Filter>dx12w</Filter>
    </ClInclude>
    <ClInclude Include="..\external\directx12-wrapper\dx12w\dx12w_pipeline_state.hpp">
      <Filter>dx12w</Filter>
    </ClInclude>
    <ClInclude Include="..\external\directx12-wrapper\dx12w\dx12w_resource.hpp">
      <Filter>dx12w</Filter>
    </ClInclude>
    <ClInclude Include="..\external\directx12-wrapper\dx12w\dx12w_root_signature.hpp">
      <Filter>dx12w</Filter>
    </ClInclude>
    <ClInclude Include="..\external\directx12-wrapper\dx12w\dx12w_shader.hpp">
      <Filter>dx12w</Filter>
    </ClInclude>
    <ClInclude Include="..\external\directx12-wrapper\dx12w\dx12w_swap_chain.hpp">
      <Filter>dx12w</Filter>
    </ClInclude>
    <ClInclude Include="..\external\directx12-wrapper\dx12w\dx12w_utility.hpp">
      <Filter>dx12w</Filter>
    </ClInclude>
    <ClInclude Include="..\external\directx12-wrapper\dx12w\dx12w_window.hpp">
      <Filter>dx12w</Filter>
    </ClInclude>
    <ClInclude Include="..\external\imgui\imconfig.h">
      <Filter>imgui</Filter>
    </ClInclude>
    <ClInclude Include="..\external\imgui\imgui.h">
      <Filter>imgui</Filter>
    </ClInclude>
    <ClInclude Include="..\external\imgui\imgui_impl_dx12.h">
      <Filter>imgui</Filter>
    </ClInclude>
    <ClInclude Include="..\external\imgui\imgui_impl_win32.h">
      <Filter>imgui</Filter>
    </ClInclude>
    <ClInclude Include="..\external\imgui\imgui_internal.h">
      <Filter>imgui</Filter>
    </ClInclude>
    <ClInclude Include="..\external\imgui\imstb_rectpack.h">
      <Filter>imgui</Filter>
    </ClInclude>
    <ClInclude Include="..\external\imgui\imstb_textedit.h">
      <Filter>imgui</Filter>
    </ClInclude>
    <ClInclude Include="..\external\imgui\imstb_truetype.h">
      <Filter>imgui</Filter>
    </ClInclude>
  </ItemGroup>
  <ItemGroup>
    <FxCompile Include="shader\PixelShader.hlsl">
      <Filter>shader</Filter>
    </FxCompile>
    <FxCompile Include="shader\VertexShader.hlsl">
      <Filter>shader</Filter>
    </FxCompile>
  </ItemGroup>
  <ItemGroup>
    <None Include="shader\Header.hlsli">
      <Filter>shader</Filter>
    </None>
  </ItemGroup>
</Project>